<?xml version="1.0" encoding="utf-8"?>
<Project ToolsVersion="4.0" xmlns="http://schemas.microsoft.com/developer/msbuild/2003">
  <ItemGroup>
    <Filter Include="源文件">
      <UniqueIdentifier>{4FC737F1-C7A5-4376-A066-2A32D752A2FF}</UniqueIdentifier>
      <Extensions>cpp;c;cc;cxx;def;odl;idl;hpj;bat;asm;asmx</Extensions>
    </Filter>
    <Filter Include="头文件">
      <UniqueIdentifier>{93995380-89BD-4b04-88EB-625FBE52EBFB}</UniqueIdentifier>
      <Extensions>h;hh;hpp;hxx;hm;inl;inc;xsd</Extensions>
    </Filter>
    <Filter Include="资源文件">
      <UniqueIdentifier>{67DA6AB6-F800-4c08-8B7A-83BB121AAD01}</UniqueIdentifier>
      <Extensions>rc;ico;cur;bmp;dlg;rc2;rct;bin;rgs;gif;jpg;jpeg;jpe;resx;tiff;tif;png;wav;mfcribbon-ms</Extensions>
    </Filter>
    <Filter Include="头文件\Message">
      <UniqueIdentifier>{8bd4074a-b65c-4c48-954a-6c32d85644f3}</UniqueIdentifier>
    </Filter>
    <Filter Include="源文件\Message">
      <UniqueIdentifier>{2692a886-6319-499e-a85a-8edf638d8f4d}</UniqueIdentifier>
    </Filter>
    <Filter Include="头文件\Message\Read">
      <UniqueIdentifier>{48d6fec2-ceb6-4945-a3be-bbce697a2540}</UniqueIdentifier>
    </Filter>
    <Filter Include="源文件\Message\Read">
      <UniqueIdentifier>{96146b99-8264-4393-880b-a2c3c77b250f}</UniqueIdentifier>
    </Filter>
    <Filter Include="头文件\Message\Write">
      <UniqueIdentifier>{6d28e757-7f03-4cee-b241-512d3fb70ed2}</UniqueIdentifier>
    </Filter>
    <Filter Include="源文件\Message\wirte">
      <UniqueIdentifier>{a3b8130f-9a83-4313-bb8c-8e0ce186b3c6}</UniqueIdentifier>
    </Filter>
  </ItemGroup>
  <ItemGroup>
    <Text Include="ReadMe.txt" />
  </ItemGroup>
  <ItemGroup>
    <ClInclude Include="ClientMFC.h">
      <Filter>头文件</Filter>
    </ClInclude>
    <ClInclude Include="ClientMFCDlg.h">
      <Filter>头文件</Filter>
    </ClInclude>
    <ClInclude Include="stdafx.h">
      <Filter>头文件</Filter>
    </ClInclude>
    <ClInclude Include="targetver.h">
      <Filter>头文件</Filter>
    </ClInclude>
    <ClInclude Include="Resource.h">
      <Filter>头文件</Filter>
    </ClInclude>
    <ClInclude Include="MyClient.h">
      <Filter>头文件</Filter>
    </ClInclude>
    <ClInclude Include="BasicMsg.h">
      <Filter>头文件\Message</Filter>
    </ClInclude>
    <ClInclude Include="MsgRead.h">
      <Filter>头文件\Message\Read</Filter>
    </ClInclude>
    <ClInclude Include="MsgReadBigEndian.h">
      <Filter>头文件\Message\Read</Filter>
    </ClInclude>
    <ClInclude Include="MsgReadLittleEndian.h">
      <Filter>头文件\Message\Read</Filter>
    </ClInclude>
    <ClInclude Include="MsgWriteLittleEndian.h">
      <Filter>头文件\Message\Write</Filter>
    </ClInclude>
    <ClInclude Include="MsgWrite.h">
      <Filter>头文件\Message\Write</Filter>
    </ClInclude>
    <ClInclude Include="MsgWriteBigEndian.h">
      <Filter>头文件\Message\Write</Filter>
    </ClInclude>
  </ItemGroup>
  <ItemGroup>
    <ClCompile Include="ClientMFC.cpp">
      <Filter>源文件</Filter>
    </ClCompile>
    <ClCompile Include="ClientMFCDlg.cpp">
      <Filter>源文件</Filter>
    </ClCompile>
    <ClCompile Include="stdafx.cpp">
      <Filter>源文件</Filter>
    </ClCompile>
    <ClCompile Include="MyClient.cpp">
      <Filter>源文件</Filter>
    </ClCompile>
    <ClCompile Include="BasicMsg.cpp">
      <Filter>源文件\Message</Filter>
    </ClCompile>
    <ClCompile Include="MsgReadBigEndian.cpp">
      <Filter>源文件\Message\Read</Filter>
    </ClCompile>
    <ClCompile Include="MsgReadLittleEndian.cpp">
      <Filter>源文件\Message\Read</Filter>
    </ClCompile>
    <ClCompile Include="MsgRead.cpp">
      <Filter>源文件\Message\Read</Filter>
    </ClCompile>
    <ClCompile Include="MsgWrite.cpp">
      <Filter>源文件\Message\wirte</Filter>
    </ClCompile>
    <ClCompile Include="MsgWriteBigEndian.cpp">
      <Filter>源文件\Message\wirte</Filter>
    </ClCompile>
    <ClCompile Include="MsgWriteLittleEndian.cpp">
      <Filter>源文件\Message\wirte</Filter>
    </ClCompile>
  </ItemGroup>
  <ItemGroup>
    <ResourceCompile Include="ClientMFC.rc">
      <Filter>资源文件</Filter>
    </ResourceCompile>
  </ItemGroup>
  <ItemGroup>
    <None Include="res\ClientMFC.rc2">
      <Filter>资源文件</Filter>
    </None>
  </ItemGroup>
  <ItemGroup>
    <Image Include="res\ClientMFC.ico">
      <Filter>资源文件</Filter>
    </Image>
  </ItemGroup>
</Project>